
Microsoft Visual Studio Solution File, Format Version 12.00
# Visual Studio 14
VisualStudioVersion = 14.0.24720.0
MinimumVisualStudioVersion = 10.0.40219.1
Project("{FAE04EC0-301F-11D3-BF4B-00C04F79EFBC}") = "HighFive.Client.IOS", "Source\HighFive.Client.IOS\HighFive.Client.IOS.csproj", "{F0081204-D2D1-4758-AC53-EB01AB835DF7}"
EndProject
Project("{FAE04EC0-301F-11D3-BF4B-00C04F79EFBC}") = "HighFive.Client.Core", "Source\HighFive.Client.Core\HighFive.Client.Core.csproj", "{ECD688E9-2B68-4997-85E6-A14C4446A755}"
EndProject
Project("{2150E333-8FDC-42A3-9474-1A3956D46DE8}") = "Client", "Client", "{60A9F7BF-4BD5-4C1F-B065-03AEE23EA4D3}"
EndProject
Project("{2150E333-8FDC-42A3-9474-1A3956D46DE8}") = "Server", "Server", "{59BB0810-D73A-4AD2-9F8E-D6D7B7F8891B}"
EndProject
Project("{FAE04EC0-301F-11D3-BF4B-00C04F79EFBC}") = "HighFive.Server.Api", "Source\HighFive.Server.Api\HighFive.Server.Api.csproj", "{DF05E5C0-C9ED-4A3D-81AF-413B4A252772}"
EndProject
Global
	GlobalSection(SolutionConfigurationPlatforms) = preSolution
		Ad-Hoc|Any CPU = Ad-Hoc|Any CPU
		Ad-Hoc|iPhone = Ad-Hoc|iPhone
		Ad-Hoc|iPhoneSimulator = Ad-Hoc|iPhoneSimulator
		AppStore|Any CPU = AppStore|Any CPU
		AppStore|iPhone = AppStore|iPhone
		AppStore|iPhoneSimulator = AppStore|iPhoneSimulator
		Debug|Any CPU = Debug|Any CPU
		Debug|iPhone = Debug|iPhone
		Debug|iPhoneSimulator = Debug|iPhoneSimulator
		Release|Any CPU = Release|Any CPU
		Release|iPhone = Release|iPhone
		Release|iPhoneSimulator = Release|iPhoneSimulator
	EndGlobalSection
	GlobalSection(ProjectConfigurationPlatforms) = postSolution
		{F0081204-D2D1-4758-AC53-EB01AB835DF7}.Ad-Hoc|Any CPU.ActiveCfg = Ad-Hoc|iPhone
		{F0081204-D2D1-4758-AC53-EB01AB835DF7}.Ad-Hoc|iPhone.ActiveCfg = Ad-Hoc|iPhone
		{F0081204-D2D1-4758-AC53-EB01AB835DF7}.Ad-Hoc|iPhone.Build.0 = Ad-Hoc|iPhone
		{F0081204-D2D1-4758-AC53-EB01AB835DF7}.Ad-Hoc|iPhoneSimulator.ActiveCfg = Ad-Hoc|iPhoneSimulator
		{F0081204-D2D1-4758-AC53-EB01AB835DF7}.Ad-Hoc|iPhoneSimulator.Build.0 = Ad-Hoc|iPhoneSimulator
		{F0081204-D2D1-4758-AC53-EB01AB835DF7}.AppStore|Any CPU.ActiveCfg = AppStore|iPhone
		{F0081204-D2D1-4758-AC53-EB01AB835DF7}.AppStore|iPhone.ActiveCfg = AppStore|iPhone
		{F0081204-D2D1-4758-AC53-EB01AB835DF7}.AppStore|iPhone.Build.0 = AppStore|iPhone
		{F0081204-D2D1-4758-AC53-EB01AB835DF7}.AppStore|iPhoneSimulator.ActiveCfg = AppStore|iPhoneSimulator
		{F0081204-D2D1-4758-AC53-EB01AB835DF7}.AppStore|iPhoneSimulator.Build.0 = AppStore|iPhoneSimulator
		{F0081204-D2D1-4758-AC53-EB01AB835DF7}.Debug|Any CPU.ActiveCfg = Debug|iPhone
		{F0081204-D2D1-4758-AC53-EB01AB835DF7}.Debug|iPhone.ActiveCfg = Debug|iPhone
		{F0081204-D2D1-4758-AC53-EB01AB835DF7}.Debug|iPhone.Build.0 = Debug|iPhone
		{F0081204-D2D1-4758-AC53-EB01AB835DF7}.Debug|iPhoneSimulator.ActiveCfg = Debug|iPhoneSimulator
		{F0081204-D2D1-4758-AC53-EB01AB835DF7}.Debug|iPhoneSimulator.Build.0 = Debug|iPhoneSimulator
		{F0081204-D2D1-4758-AC53-EB01AB835DF7}.Release|Any CPU.ActiveCfg = Release|iPhone
		{F0081204-D2D1-4758-AC53-EB01AB835DF7}.Release|iPhone.ActiveCfg = Release|iPhone
		{F0081204-D2D1-4758-AC53-EB01AB835DF7}.Release|iPhone.Build.0 = Release|iPhone
		{F0081204-D2D1-4758-AC53-EB01AB835DF7}.Release|iPhoneSimulator.ActiveCfg = Release|iPhoneSimulator
		{F0081204-D2D1-4758-AC53-EB01AB835DF7}.Release|iPhoneSimulator.Build.0 = Release|iPhoneSimulator
		{ECD688E9-2B68-4997-85E6-A14C4446A755}.Ad-Hoc|Any CPU.ActiveCfg = Release|Any CPU
		{ECD688E9-2B68-4997-85E6-A14C4446A755}.Ad-Hoc|Any CPU.Build.0 = Release|Any CPU
		{ECD688E9-2B68-4997-85E6-A14C4446A755}.Ad-Hoc|iPhone.ActiveCfg = Release|Any CPU
		{ECD688E9-2B68-4997-85E6-A14C4446A755}.Ad-Hoc|iPhone.Build.0 = Release|Any CPU
		{ECD688E9-2B68-4997-85E6-A14C4446A755}.Ad-Hoc|iPhoneSimulator.ActiveCfg = Release|Any CPU
		{ECD688E9-2B68-4997-85E6-A14C4446A755}.Ad-Hoc|iPhoneSimulator.Build.0 = Release|Any CPU
		{ECD688E9-2B68-4997-85E6-A14C4446A755}.AppStore|Any CPU.ActiveCfg = Release|Any CPU
		{ECD688E9-2B68-4997-85E6-A14C4446A755}.AppStore|Any CPU.Build.0 = Release|Any CPU
		{ECD688E9-2B68-4997-85E6-A14C4446A755}.AppStore|iPhone.ActiveCfg = Release|Any CPU
		{ECD688E9-2B68-4997-85E6-A14C4446A755}.AppStore|iPhone.Build.0 = Release|Any CPU
		{ECD688E9-2B68-4997-85E6-A14C4446A755}.AppStore|iPhoneSimulator.ActiveCfg = Release|Any CPU
		{ECD688E9-2B68-4997-85E6-A14C4446A755}.AppStore|iPhoneSimulator.Build.0 = Release|Any CPU
		{ECD688E9-2B68-4997-85E6-A14C4446A755}.Debug|Any CPU.ActiveCfg = Debug|Any CPU
		{ECD688E9-2B68-4997-85E6-A14C4446A755}.Debug|Any CPU.Build.0 = Debug|Any CPU
		{ECD688E9-2B68-4997-85E6-A14C4446A755}.Debug|iPhone.ActiveCfg = Debug|Any CPU
		{ECD688E9-2B68-4997-85E6-A14C4446A755}.Debug|iPhone.Build.0 = Debug|Any CPU
		{ECD688E9-2B68-4997-85E6-A14C4446A755}.Debug|iPhoneSimulator.ActiveCfg = Debug|Any CPU
		{ECD688E9-2B68-4997-85E6-A14C4446A755}.Debug|iPhoneSimulator.Build.0 = Debug|Any CPU
		{ECD688E9-2B68-4997-85E6-A14C4446A755}.Release|Any CPU.ActiveCfg = Release|Any CPU
		{ECD688E9-2B68-4997-85E6-A14C4446A755}.Release|Any CPU.Build.0 = Release|Any CPU
		{ECD688E9-2B68-4997-85E6-A14C4446A755}.Release|iPhone.ActiveCfg = Release|Any CPU
		{ECD688E9-2B68-4997-85E6-A14C4446A755}.Release|iPhone.Build.0 = Release|Any CPU
		{ECD688E9-2B68-4997-85E6-A14C4446A755}.Release|iPhoneSimulator.ActiveCfg = Release|Any CPU
		{ECD688E9-2B68-4997-85E6-A14C4446A755}.Release|iPhoneSimulator.Build.0 = Release|Any CPU
		{DF05E5C0-C9ED-4A3D-81AF-413B4A252772}.Ad-Hoc|Any CPU.ActiveCfg = Release|Any CPU
		{DF05E5C0-C9ED-4A3D-81AF-413B4A252772}.Ad-Hoc|Any CPU.Build.0 = Release|Any CPU
		{DF05E5C0-C9ED-4A3D-81AF-413B4A252772}.Ad-Hoc|iPhone.ActiveCfg = Release|Any CPU
		{DF05E5C0-C9ED-4A3D-81AF-413B4A252772}.Ad-Hoc|iPhone.Build.0 = Release|Any CPU
		{DF05E5C0-C9ED-4A3D-81AF-413B4A252772}.Ad-Hoc|iPhoneSimulator.ActiveCfg = Release|Any CPU
		{DF05E5C0-C9ED-4A3D-81AF-413B4A252772}.Ad-Hoc|iPhoneSimulator.Build.0 = Release|Any CPU
		{DF05E5C0-C9ED-4A3D-81AF-413B4A252772}.AppStore|Any CPU.ActiveCfg = Release|Any CPU
		{DF05E5C0-C9ED-4A3D-81AF-413B4A252772}.AppStore|Any CPU.Build.0 = Release|Any CPU
		{DF05E5C0-C9ED-4A3D-81AF-413B4A252772}.AppStore|iPhone.ActiveCfg = Release|Any CPU
		{DF05E5C0-C9ED-4A3D-81AF-413B4A252772}.AppStore|iPhone.Build.0 = Release|Any CPU
		{DF05E5C0-C9ED-4A3D-81AF-413B4A252772}.AppStore|iPhoneSimulator.ActiveCfg = Release|Any CPU
		{DF05E5C0-C9ED-4A3D-81AF-413B4A252772}.AppStore|iPhoneSimulator.Build.0 = Release|Any CPU
		{DF05E5C0-C9ED-4A3D-81AF-413B4A252772}.Debug|Any CPU.ActiveCfg = Debug|Any CPU
		{DF05E5C0-C9ED-4A3D-81AF-413B4A252772}.Debug|Any CPU.Build.0 = Debug|Any CPU
		{DF05E5C0-C9ED-4A3D-81AF-413B4A252772}.Debug|iPhone.ActiveCfg = Debug|Any CPU
		{DF05E5C0-C9ED-4A3D-81AF-413B4A252772}.Debug|iPhone.Build.0 = Debug|Any CPU
		{DF05E5C0-C9ED-4A3D-81AF-413B4A252772}.Debug|iPhoneSimulator.ActiveCfg = Debug|Any CPU
		{DF05E5C0-C9ED-4A3D-81AF-413B4A252772}.Debug|iPhoneSimulator.Build.0 = Debug|Any CPU
		{DF05E5C0-C9ED-4A3D-81AF-413B4A252772}.Release|Any CPU.ActiveCfg = Release|Any CPU
		{DF05E5C0-C9ED-4A3D-81AF-413B4A252772}.Release|Any CPU.Build.0 = Release|Any CPU
		{DF05E5C0-C9ED-4A3D-81AF-413B4A252772}.Release|iPhone.ActiveCfg = Release|Any CPU
		{DF05E5C0-C9ED-4A3D-81AF-413B4A252772}.Release|iPhone.Build.0 = Release|Any CPU
		{DF05E5C0-C9ED-4A3D-81AF-413B4A252772}.Release|iPhoneSimulator.ActiveCfg = Release|Any CPU
		{DF05E5C0-C9ED-4A3D-81AF-413B4A252772}.Release|iPhoneSimulator.Build.0 = Release|Any CPU
	EndGlobalSection
	GlobalSection(SolutionProperties) = preSolution
		HideSolutionNode = FALSE
	EndGlobalSection
	GlobalSection(NestedProjects) = preSolution
		{F0081204-D2D1-4758-AC53-EB01AB835DF7} = {60A9F7BF-4BD5-4C1F-B065-03AEE23EA4D3}
		{ECD688E9-2B68-4997-85E6-A14C4446A755} = {60A9F7BF-4BD5-4C1F-B065-03AEE23EA4D3}
		{DF05E5C0-C9ED-4A3D-81AF-413B4A252772} = {59BB0810-D73A-4AD2-9F8E-D6D7B7F8891B}
	EndGlobalSection
EndGlobal
